// !$*UTF8*$!
{
	archiveVersion = 1;
	classes = {
	};
	objectVersion = 50;
	objects = {

/* Begin PBXBuildFile section */
		080C492B253EB8110088A71A /* AppDelegate.swift in Sources */ = {isa = PBXBuildFile; fileRef = 080C492A253EB8110088A71A /* AppDelegate.swift */; };
		080C492D253EB8110088A71A /* SceneDelegate.swift in Sources */ = {isa = PBXBuildFile; fileRef = 080C492C253EB8110088A71A /* SceneDelegate.swift */; };
		080C492F253EB8110088A71A /* ViewController.swift in Sources */ = {isa = PBXBuildFile; fileRef = 080C492E253EB8110088A71A /* ViewController.swift */; };
		080C4932253EB8110088A71A /* Main.storyboard in Resources */ = {isa = PBXBuildFile; fileRef = 080C4930253EB8110088A71A /* Main.storyboard */; };
		080C4935253EB8110088A71A /* Task.xcdatamodeld in Sources */ = {isa = PBXBuildFile; fileRef = 080C4933253EB8110088A71A /* Task.xcdatamodeld */; };
		080C4937253EB8140088A71A /* Assets.xcassets in Resources */ = {isa = PBXBuildFile; fileRef = 080C4936253EB8140088A71A /* Assets.xcassets */; };
		080C493A253EB8140088A71A /* LaunchScreen.storyboard in Resources */ = {isa = PBXBuildFile; fileRef = 080C4938253EB8140088A71A /* LaunchScreen.storyboard */; };
		080C4945253EB8140088A71A /* TaskTests.swift in Sources */ = {isa = PBXBuildFile; fileRef = 080C4944253EB8140088A71A /* TaskTests.swift */; };
		080C4950253EB8140088A71A /* TaskUITests.swift in Sources */ = {isa = PBXBuildFile; fileRef = 080C494F253EB8140088A71A /* TaskUITests.swift */; };
		4EDD2BF87F6797D3A8906B3A /* Pods_Task_TaskUITests.framework in Frameworks */ = {isa = PBXBuildFile; fileRef = D74067D4E7B9BCEFE8649D2A /* Pods_Task_TaskUITests.framework */; };
		A5D4CE46F4A24DAFA47ABC81 /* Pods_TaskTests.framework in Frameworks */ = {isa = PBXBuildFile; fileRef = CAF2A2A546D2FF04454D4877 /* Pods_TaskTests.framework */; };
		C3A8400BF8624F908768C07C /* Pods_Task.framework in Frameworks */ = {isa = PBXBuildFile; fileRef = D261F1C349FD2055A7427A34 /* Pods_Task.framework */; };
/* End PBXBuildFile section */

/* Begin PBXContainerItemProxy section */
		080C4941253EB8140088A71A /* PBXContainerItemProxy */ = {
			isa = PBXContainerItemProxy;
			containerPortal = 080C491F253EB8110088A71A /* Project object */;
			proxyType = 1;
			remoteGlobalIDString = 080C4926253EB8110088A71A;
			remoteInfo = Task;
		};
		080C494C253EB8140088A71A /* PBXContainerItemProxy */ = {
			isa = PBXContainerItemProxy;
			containerPortal = 080C491F253EB8110088A71A /* Project object */;
			proxyType = 1;
			remoteGlobalIDString = 080C4926253EB8110088A71A;
			remoteInfo = Task;
		};
/* End PBXContainerItemProxy section */

/* Begin PBXFileReference section */
		01C9CA2767D2ED4DC49275E3 /* Pods-TaskTests.debug.xcconfig */ = {isa = PBXFileReference; includeInIndex = 1; lastKnownFileType = text.xcconfig; name = "Pods-TaskTests.debug.xcconfig"; path = "Target Support Files/Pods-TaskTests/Pods-TaskTests.debug.xcconfig"; sourceTree = "<group>"; };
		080C4927253EB8110088A71A /* Task.app */ = {isa = PBXFileReference; explicitFileType = wrapper.application; includeInIndex = 0; path = Task.app; sourceTree = BUILT_PRODUCTS_DIR; };
		080C492A253EB8110088A71A /* AppDelegate.swift */ = {isa = PBXFileReference; lastKnownFileType = sourcecode.swift; path = AppDelegate.swift; sourceTree = "<group>"; };
		080C492C253EB8110088A71A /* SceneDelegate.swift */ = {isa = PBXFileReference; lastKnownFileType = sourcecode.swift; path = SceneDelegate.swift; sourceTree = "<group>"; };
		080C492E253EB8110088A71A /* ViewController.swift */ = {isa = PBXFileReference; lastKnownFileType = sourcecode.swift; path = ViewController.swift; sourceTree = "<group>"; };
		080C4931253EB8110088A71A /* Base */ = {isa = PBXFileReference; lastKnownFileType = file.storyboard; name = Base; path = Base.lproj/Main.storyboard; sourceTree = "<group>"; };
		080C4934253EB8110088A71A /* Task.xcdatamodel */ = {isa = PBXFileReference; lastKnownFileType = wrapper.xcdatamodel; path = Task.xcdatamodel; sourceTree = "<group>"; };
		080C4936253EB8140088A71A /* Assets.xcassets */ = {isa = PBXFileReference; lastKnownFileType = folder.assetcatalog; path = Assets.xcassets; sourceTree = "<group>"; };
		080C4939253EB8140088A71A /* Base */ = {isa = PBXFileReference; lastKnownFileType = file.storyboard; name = Base; path = Base.lproj/LaunchScreen.storyboard; sourceTree = "<group>"; };
		080C493B253EB8140088A71A /* Info.plist */ = {isa = PBXFileReference; lastKnownFileType = text.plist.xml; path = Info.plist; sourceTree = "<group>"; };
		080C4940253EB8140088A71A /* TaskTests.xctest */ = {isa = PBXFileReference; explicitFileType = wrapper.cfbundle; includeInIndex = 0; path = TaskTests.xctest; sourceTree = BUILT_PRODUCTS_DIR; };
		080C4944253EB8140088A71A /* TaskTests.swift */ = {isa = PBXFileReference; lastKnownFileType = sourcecode.swift; path = TaskTests.swift; sourceTree = "<group>"; };
		080C4946253EB8140088A71A /* Info.plist */ = {isa = PBXFileReference; lastKnownFileType = text.plist.xml; path = Info.plist; sourceTree = "<group>"; };
		080C494B253EB8140088A71A /* TaskUITests.xctest */ = {isa = PBXFileReference; explicitFileType = wrapper.cfbundle; includeInIndex = 0; path = TaskUITests.xctest; sourceTree = BUILT_PRODUCTS_DIR; };
		080C494F253EB8140088A71A /* TaskUITests.swift */ = {isa = PBXFileReference; lastKnownFileType = sourcecode.swift; path = TaskUITests.swift; sourceTree = "<group>"; };
		080C4951253EB8140088A71A /* Info.plist */ = {isa = PBXFileReference; lastKnownFileType = text.plist.xml; path = Info.plist; sourceTree = "<group>"; };
		46A629B1FA5224C4478CAC0F /* Pods-Task.debug.xcconfig */ = {isa = PBXFileReference; includeInIndex = 1; lastKnownFileType = text.xcconfig; name = "Pods-Task.debug.xcconfig"; path = "Target Support Files/Pods-Task/Pods-Task.debug.xcconfig"; sourceTree = "<group>"; };
		491B07FD2D3BF06596976B58 /* Pods-Task.release.xcconfig */ = {isa = PBXFileReference; includeInIndex = 1; lastKnownFileType = text.xcconfig; name = "Pods-Task.release.xcconfig"; path = "Target Support Files/Pods-Task/Pods-Task.release.xcconfig"; sourceTree = "<group>"; };
		5E393EA839370E43ED59D15C /* Pods-Task-TaskUITests.release.xcconfig */ = {isa = PBXFileReference; includeInIndex = 1; lastKnownFileType = text.xcconfig; name = "Pods-Task-TaskUITests.release.xcconfig"; path = "Target Support Files/Pods-Task-TaskUITests/Pods-Task-TaskUITests.release.xcconfig"; sourceTree = "<group>"; };
		858F975026FC624A0A9787EA /* Pods-Task-TaskUITests.debug.xcconfig */ = {isa = PBXFileReference; includeInIndex = 1; lastKnownFileType = text.xcconfig; name = "Pods-Task-TaskUITests.debug.xcconfig"; path = "Target Support Files/Pods-Task-TaskUITests/Pods-Task-TaskUITests.debug.xcconfig"; sourceTree = "<group>"; };
		A8D24EFF695E7196B0BC3EFC /* Pods-TaskTests.release.xcconfig */ = {isa = PBXFileReference; includeInIndex = 1; lastKnownFileType = text.xcconfig; name = "Pods-TaskTests.release.xcconfig"; path = "Target Support Files/Pods-TaskTests/Pods-TaskTests.release.xcconfig"; sourceTree = "<group>"; };
		CAF2A2A546D2FF04454D4877 /* Pods_TaskTests.framework */ = {isa = PBXFileReference; explicitFileType = wrapper.framework; includeInIndex = 0; path = Pods_TaskTests.framework; sourceTree = BUILT_PRODUCTS_DIR; };
		D261F1C349FD2055A7427A34 /* Pods_Task.framework */ = {isa = PBXFileReference; explicitFileType = wrapper.framework; includeInIndex = 0; path = Pods_Task.framework; sourceTree = BUILT_PRODUCTS_DIR; };
		D74067D4E7B9BCEFE8649D2A /* Pods_Task_TaskUITests.framework */ = {isa = PBXFileReference; explicitFileType = wrapper.framework; includeInIndex = 0; path = Pods_Task_TaskUITests.framework; sourceTree = BUILT_PRODUCTS_DIR; };
/* End PBXFileReference section */

/* Begin PBXFrameworksBuildPhase section */
		080C4924253EB8110088A71A /* Frameworks */ = {
			isa = PBXFrameworksBuildPhase;
			buildActionMask = 2147483647;
			files = (
				C3A8400BF8624F908768C07C /* Pods_Task.framework in Frameworks */,
			);
			runOnlyForDeploymentPostprocessing = 0;
		};
		080C493D253EB8140088A71A /* Frameworks */ = {
			isa = PBXFrameworksBuildPhase;
			buildActionMask = 2147483647;
			files = (
				A5D4CE46F4A24DAFA47ABC81 /* Pods_TaskTests.framework in Frameworks */,
			);
			runOnlyForDeploymentPostprocessing = 0;
		};
		080C4948253EB8140088A71A /* Frameworks */ = {
			isa = PBXFrameworksBuildPhase;
			buildActionMask = 2147483647;
			files = (
				4EDD2BF87F6797D3A8906B3A /* Pods_Task_TaskUITests.framework in Frameworks */,
			);
			runOnlyForDeploymentPostprocessing = 0;
		};
/* End PBXFrameworksBuildPhase section */

/* Begin PBXGroup section */
		080C491E253EB8110088A71A = {
			isa = PBXGroup;
			children = (
				080C4929253EB8110088A71A /* Task */,
				080C4943253EB8140088A71A /* TaskTests */,
				080C494E253EB8140088A71A /* TaskUITests */,
				080C4928253EB8110088A71A /* Products */,
				828C08747EFC355E3EF559D6 /* Pods */,
				BF99C564E070315C4E942A72 /* Frameworks */,
			);
			sourceTree = "<group>";
		};
		080C4928253EB8110088A71A /* Products */ = {
			isa = PBXGroup;
			children = (
				080C4927253EB8110088A71A /* Task.app */,
				080C4940253EB8140088A71A /* TaskTests.xctest */,
				080C494B253EB8140088A71A /* TaskUITests.xctest */,
			);
			name = Products;
			sourceTree = "<group>";
		};
		080C4929253EB8110088A71A /* Task */ = {
			isa = PBXGroup;
			children = (
				080C492A253EB8110088A71A /* AppDelegate.swift */,
				080C492C253EB8110088A71A /* SceneDelegate.swift */,
				080C492E253EB8110088A71A /* ViewController.swift */,
				080C4930253EB8110088A71A /* Main.storyboard */,
				080C4936253EB8140088A71A /* Assets.xcassets */,
				080C4938253EB8140088A71A /* LaunchScreen.storyboard */,
				080C493B253EB8140088A71A /* Info.plist */,
				080C4933253EB8110088A71A /* Task.xcdatamodeld */,
			);
			path = Task;
			sourceTree = "<group>";
		};
		080C4943253EB8140088A71A /* TaskTests */ = {
			isa = PBXGroup;
			children = (
				080C4944253EB8140088A71A /* TaskTests.swift */,
				080C4946253EB8140088A71A /* Info.plist */,
			);
			path = TaskTests;
			sourceTree = "<group>";
		};
		080C494E253EB8140088A71A /* TaskUITests */ = {
			isa = PBXGroup;
			children = (
				080C494F253EB8140088A71A /* TaskUITests.swift */,
				080C4951253EB8140088A71A /* Info.plist */,
			);
			path = TaskUITests;
			sourceTree = "<group>";
		};
		828C08747EFC355E3EF559D6 /* Pods */ = {
			isa = PBXGroup;
			children = (
				46A629B1FA5224C4478CAC0F /* Pods-Task.debug.xcconfig */,
				491B07FD2D3BF06596976B58 /* Pods-Task.release.xcconfig */,
				858F975026FC624A0A9787EA /* Pods-Task-TaskUITests.debug.xcconfig */,
				5E393EA839370E43ED59D15C /* Pods-Task-TaskUITests.release.xcconfig */,
				01C9CA2767D2ED4DC49275E3 /* Pods-TaskTests.debug.xcconfig */,
				A8D24EFF695E7196B0BC3EFC /* Pods-TaskTests.release.xcconfig */,
			);
			name = Pods;
			path = Pods;
			sourceTree = "<group>";
		};
		BF99C564E070315C4E942A72 /* Frameworks */ = {
			isa = PBXGroup;
			children = (
				D261F1C349FD2055A7427A34 /* Pods_Task.framework */,
				D74067D4E7B9BCEFE8649D2A /* Pods_Task_TaskUITests.framework */,
				CAF2A2A546D2FF04454D4877 /* Pods_TaskTests.framework */,
			);
			name = Frameworks;
			sourceTree = "<group>";
		};
/* End PBXGroup section */

/* Begin PBXNativeTarget section */
		080C4926253EB8110088A71A /* Task */ = {
			isa = PBXNativeTarget;
			buildConfigurationList = 080C4954253EB8140088A71A /* Build configuration list for PBXNativeTarget "Task" */;
			buildPhases = (
				DC7933B7B3165A6F47769ECA /* [CP] Check Pods Manifest.lock */,
				080C4923253EB8110088A71A /* Sources */,
				080C4924253EB8110088A71A /* Frameworks */,
				080C4925253EB8110088A71A /* Resources */,
				82990BB6FBD3BEE14D14253F /* [CP] Copy Pods Resources */,
			);
			buildRules = (
			);
			dependencies = (
			);
			name = Task;
			productName = Task;
			productReference = 080C4927253EB8110088A71A /* Task.app */;
			productType = "com.apple.product-type.application";
		};
		080C493F253EB8140088A71A /* TaskTests */ = {
			isa = PBXNativeTarget;
			buildConfigurationList = 080C4957253EB8140088A71A /* Build configuration list for PBXNativeTarget "TaskTests" */;
			buildPhases = (
				B6BA01A3175F539F83FF73D6 /* [CP] Check Pods Manifest.lock */,
				080C493C253EB8140088A71A /* Sources */,
				080C493D253EB8140088A71A /* Frameworks */,
				080C493E253EB8140088A71A /* Resources */,
			);
			buildRules = (
			);
			dependencies = (
				080C4942253EB8140088A71A /* PBXTargetDependency */,
			);
			name = TaskTests;
			productName = TaskTests;
			productReference = 080C4940253EB8140088A71A /* TaskTests.xctest */;
			productType = "com.apple.product-type.bundle.unit-test";
		};
		080C494A253EB8140088A71A /* TaskUITests */ = {
			isa = PBXNativeTarget;
			buildConfigurationList = 080C495A253EB8140088A71A /* Build configuration list for PBXNativeTarget "TaskUITests" */;
			buildPhases = (
				E178EA1C67A78BC9E3B14ABC /* [CP] Check Pods Manifest.lock */,
				080C4947253EB8140088A71A /* Sources */,
				080C4948253EB8140088A71A /* Frameworks */,
				080C4949253EB8140088A71A /* Resources */,
				FE0C6AF464768FFABBAA8021 /* [CP] Copy Pods Resources */,
			);
			buildRules = (
			);
			dependencies = (
				080C494D253EB8140088A71A /* PBXTargetDependency */,
			);
			name = TaskUITests;
			productName = TaskUITests;
			productReference = 080C494B253EB8140088A71A /* TaskUITests.xctest */;
			productType = "com.apple.product-type.bundle.ui-testing";
		};
/* End PBXNativeTarget section */

/* Begin PBXProject section */
		080C491F253EB8110088A71A /* Project object */ = {
			isa = PBXProject;
			attributes = {
				LastSwiftUpdateCheck = 1140;
				LastUpgradeCheck = 1140;
				ORGANIZATIONNAME = Taxgenie;
				TargetAttributes = {
					080C4926253EB8110088A71A = {
						CreatedOnToolsVersion = 11.4;
					};
					080C493F253EB8140088A71A = {
						CreatedOnToolsVersion = 11.4;
						TestTargetID = 080C4926253EB8110088A71A;
					};
					080C494A253EB8140088A71A = {
						CreatedOnToolsVersion = 11.4;
						TestTargetID = 080C4926253EB8110088A71A;
					};
				};
			};
			buildConfigurationList = 080C4922253EB8110088A71A /* Build configuration list for PBXProject "Task" */;
			compatibilityVersion = "Xcode 9.3";
			developmentRegion = en;
			hasScannedForEncodings = 0;
			knownRegions = (
				en,
				Base,
			);
			mainGroup = 080C491E253EB8110088A71A;
			productRefGroup = 080C4928253EB8110088A71A /* Products */;
			projectDirPath = "";
			projectRoot = "";
			targets = (
				080C4926253EB8110088A71A /* Task */,
				080C493F253EB8140088A71A /* TaskTests */,
				080C494A253EB8140088A71A /* TaskUITests */,
			);
		};
/* End PBXProject section */

/* Begin PBXResourcesBuildPhase section */
		080C4925253EB8110088A71A /* Resources */ = {
			isa = PBXResourcesBuildPhase;
			buildActionMask = 2147483647;
			files = (
				080C493A253EB8140088A71A /* LaunchScreen.storyboard in Resources */,
				080C4937253EB8140088A71A /* Assets.xcassets in Resources */,
				080C4932253EB8110088A71A /* Main.storyboard in Resources */,
			);
			runOnlyForDeploymentPostprocessing = 0;
		};
		080C493E253EB8140088A71A /* Resources */ = {
			isa = PBXResourcesBuildPhase;
			buildActionMask = 2147483647;
			files = (
			);
			runOnlyForDeploymentPostprocessing = 0;
		};
		080C4949253EB8140088A71A /* Resources */ = {
			isa = PBXResourcesBuildPhase;
			buildActionMask = 2147483647;
			files = (
			);
			runOnlyForDeploymentPostprocessing = 0;
		};
/* End PBXResourcesBuildPhase section */

/* Begin PBXShellScriptBuildPhase section */
		82990BB6FBD3BEE14D14253F /* [CP] Copy Pods Resources */ = {
			isa = PBXShellScriptBuildPhase;
			buildActionMask = 2147483647;
			files = (
			);
			inputFileListPaths = (
				"${PODS_ROOT}/Target Support Files/Pods-Task/Pods-Task-resources-${CONFIGURATION}-input-files.xcfilelist",
			);
			name = "[CP] Copy Pods Resources";
			outputFileListPaths = (
				"${PODS_ROOT}/Target Support Files/Pods-Task/Pods-Task-resources-${CONFIGURATION}-output-files.xcfilelist",
			);
			runOnlyForDeploymentPostprocessing = 0;
			shellPath = /bin/sh;
			shellScript = "\"${PODS_ROOT}/Target Support Files/Pods-Task/Pods-Task-resources.sh\"\n";
			showEnvVarsInLog = 0;
		};
		B6BA01A3175F539F83FF73D6 /* [CP] Check Pods Manifest.lock */ = {
			isa = PBXShellScriptBuildPhase;
			buildActionMask = 2147483647;
			files = (
			);
			inputFileListPaths = (
			);
			inputPaths = (
				"${PODS_PODFILE_DIR_PATH}/Podfile.lock",
				"${PODS_ROOT}/Manifest.lock",
			);
			name = "[CP] Check Pods Manifest.lock";
			outputFileListPaths = (
			);
			outputPaths = (
				"$(DERIVED_FILE_DIR)/Pods-TaskTests-checkManifestLockResult.txt",
			);
			runOnlyForDeploymentPostprocessing = 0;
			shellPath = /bin/sh;
			shellScript = "diff \"${PODS_PODFILE_DIR_PATH}/Podfile.lock\" \"${PODS_ROOT}/Manifest.lock\" > /dev/null\nif [ $? != 0 ] ; then\n    # print error to STDERR\n    echo \"error: The sandbox is not in sync with the Podfile.lock. Run 'pod install' or update your CocoaPods installation.\" >&2\n    exit 1\nfi\n# This output is used by Xcode 'outputs' to avoid re-running this script phase.\necho \"SUCCESS\" > \"${SCRIPT_OUTPUT_FILE_0}\"\n";
			showEnvVarsInLog = 0;
		};
		DC7933B7B3165A6F47769ECA /* [CP] Check Pods Manifest.lock */ = {
			isa = PBXShellScriptBuildPhase;
			buildActionMask = 2147483647;
			files = (
			);
			inputFileListPaths = (
			);
			inputPaths = (
				"${PODS_PODFILE_DIR_PATH}/Podfile.lock",
				"${PODS_ROOT}/Manifest.lock",
			);
			name = "[CP] Check Pods Manifest.lock";
			outputFileListPaths = (
			);
			outputPaths = (
				"$(DERIVED_FILE_DIR)/Pods-Task-checkManifestLockResult.txt",
			);
			runOnlyForDeploymentPostprocessing = 0;
			shellPath = /bin/sh;
			shellScript = "diff \"${PODS_PODFILE_DIR_PATH}/Podfile.lock\" \"${PODS_ROOT}/Manifest.lock\" > /dev/null\nif [ $? != 0 ] ; then\n    # print error to STDERR\n    echo \"error: The sandbox is not in sync with the Podfile.lock. Run 'pod install' or update your CocoaPods installation.\" >&2\n    exit 1\nfi\n# This output is used by Xcode 'outputs' to avoid re-running this script phase.\necho \"SUCCESS\" > \"${SCRIPT_OUTPUT_FILE_0}\"\n";
			showEnvVarsInLog = 0;
		};
		E178EA1C67A78BC9E3B14ABC /* [CP] Check Pods Manifest.lock */ = {
			isa = PBXShellScriptBuildPhase;
			buildActionMask = 2147483647;
			files = (
			);
			inputFileListPaths = (
			);
			inputPaths = (
				"${PODS_PODFILE_DIR_PATH}/Podfile.lock",
				"${PODS_ROOT}/Manifest.lock",
			);
			name = "[CP] Check Pods Manifest.lock";
			outputFileListPaths = (
			);
			outputPaths = (
				"$(DERIVED_FILE_DIR)/Pods-Task-TaskUITests-checkManifestLockResult.txt",
			);
			runOnlyForDeploymentPostprocessing = 0;
			shellPath = /bin/sh;
			shellScript = "diff \"${PODS_PODFILE_DIR_PATH}/Podfile.lock\" \"${PODS_ROOT}/Manifest.lock\" > /dev/null\nif [ $? != 0 ] ; then\n    # print error to STDERR\n    echo \"error: The sandbox is not in sync with the Podfile.lock. Run 'pod install' or update your CocoaPods installation.\" >&2\n    exit 1\nfi\n# This output is used by Xcode 'outputs' to avoid re-running this script phase.\necho \"SUCCESS\" > \"${SCRIPT_OUTPUT_FILE_0}\"\n";
			showEnvVarsInLog = 0;
		};
		FE0C6AF464768FFABBAA8021 /* [CP] Copy Pods Resources */ = {
			isa = PBXShellScriptBuildPhase;
			buildActionMask = 2147483647;
			files = (
			);
			inputFileListPaths = (
				"${PODS_ROOT}/Target Support Files/Pods-Task-TaskUITests/Pods-Task-TaskUITests-resources-${CONFIGURATION}-input-files.xcfilelist",
			);
			name = "[CP] Copy Pods Resources";
			outputFileListPaths = (
				"${PODS_ROOT}/Target Support Files/Pods-Task-TaskUITests/Pods-Task-TaskUITests-resources-${CONFIGURATION}-output-files.xcfilelist",
			);
			runOnlyForDeploymentPostprocessing = 0;
			shellPath = /bin/sh;
			shellScript = "\"${PODS_ROOT}/Target Support Files/Pods-Task-TaskUITests/Pods-Task-TaskUITests-resources.sh\"\n";
			showEnvVarsInLog = 0;
		};
/* End PBXShellScriptBuildPhase section */

/* Begin PBXSourcesBuildPhase section */
		080C4923253EB8110088A71A /* Sources */ = {
			isa = PBXSourcesBuildPhase;
			buildActionMask = 2147483647;
			files = (
				080C4935253EB8110088A71A /* Task.xcdatamodeld in Sources */,
				080C492F253EB8110088A71A /* ViewController.swift in Sources */,
				080C492B253EB8110088A71A /* AppDelegate.swift in Sources */,
				080C492D253EB8110088A71A /* SceneDelegate.swift in Sources */,
			);
			runOnlyForDeploymentPostprocessing = 0;
		};
		080C493C253EB8140088A71A /* Sources */ = {
			isa = PBXSourcesBuildPhase;
			buildActionMask = 2147483647;
			files = (
				080C4945253EB8140088A71A /* TaskTests.swift in Sources */,
			);
			runOnlyForDeploymentPostprocessing = 0;
		};
		080C4947253EB8140088A71A /* Sources */ = {
			isa = PBXSourcesBuildPhase;
			buildActionMask = 2147483647;
			files = (
				080C4950253EB8140088A71A /* TaskUITests.swift in Sources */,
			);
			runOnlyForDeploymentPostprocessing = 0;
		};
/* End PBXSourcesBuildPhase section */

/* Begin PBXTargetDependency section */
		080C4942253EB8140088A71A /* PBXTargetDependency */ = {
			isa = PBXTargetDependency;
			target = 080C4926253EB8110088A71A /* Task */;
			targetProxy = 080C4941253EB8140088A71A /* PBXContainerItemProxy */;
		};
		080C494D253EB8140088A71A /* PBXTargetDependency */ = {
			isa = PBXTargetDependency;
			target = 080C4926253EB8110088A71A /* Task */;
			targetProxy = 080C494C253EB8140088A71A /* PBXContainerItemProxy */;
		};
/* End PBXTargetDependency section */

/* Begin PBXVariantGroup section */
		080C4930253EB8110088A71A /* Main.storyboard */ = {
			isa = PBXVariantGroup;
			children = (
				080C4931253EB8110088A71A /* Base */,
			);
			name = Main.storyboard;
			sourceTree = "<group>";
		};
		080C4938253EB8140088A71A /* LaunchScreen.storyboard */ = {
			isa = PBXVariantGroup;
			children = (
				080C4939253EB8140088A71A /* Base */,
			);
			name = LaunchScreen.storyboard;
			sourceTree = "<group>";
		};
/* End PBXVariantGroup section */

/* Begin XCBuildConfiguration section */
		080C4952253EB8140088A71A /* Debug */ = {
			isa = XCBuildConfiguration;
			buildSettings = {
				ALWAYS_SEARCH_USER_PATHS = NO;
				CLANG_ANALYZER_NONNULL = YES;
				CLANG_ANALYZER_NUMBER_OBJECT_CONVERSION = YES_AGGRESSIVE;
				CLANG_CXX_LANGUAGE_STANDARD = "gnu++14";
				CLANG_CXX_LIBRARY = "libc++";
				CLANG_ENABLE_MODULES = YES;
				CLANG_ENABLE_OBJC_ARC = YES;
				CLANG_ENABLE_OBJC_WEAK = YES;
				CLANG_WARN_BLOCK_CAPTURE_AUTORELEASING = YES;
				CLANG_WARN_BOOL_CONVERSION = YES;
				CLANG_WARN_COMMA = YES;
				CLANG_WARN_CONSTANT_CONVERSION = YES;
				CLANG_WARN_DEPRECATED_OBJC_IMPLEMENTATIONS = YES;
				CLANG_WARN_DIRECT_OBJC_ISA_USAGE = YES_ERROR;
				CLANG_WARN_DOCUMENTATION_COMMENTS = YES;
				CLANG_WARN_EMPTY_BODY = YES;
				CLANG_WARN_ENUM_CONVERSION = YES;
				CLANG_WARN_INFINITE_RECURSION = YES;
				CLANG_WARN_INT_CONVERSION = YES;
				CLANG_WARN_NON_LITERAL_NULL_CONVERSION = YES;
				CLANG_WARN_OBJC_IMPLICIT_RETAIN_SELF = YES;
				CLANG_WARN_OBJC_LITERAL_CONVERSION = YES;
				CLANG_WARN_OBJC_ROOT_CLASS = YES_ERROR;
				CLANG_WARN_RANGE_LOOP_ANALYSIS = YES;
				CLANG_WARN_STRICT_PROTOTYPES = YES;
				CLANG_WARN_SUSPICIOUS_MOVE = YES;
				CLANG_WARN_UNGUARDED_AVAILABILITY = YES_AGGRESSIVE;
				CLANG_WARN_UNREACHABLE_CODE = YES;
				CLANG_WARN__DUPLICATE_METHOD_MATCH = YES;
				COPY_PHASE_STRIP = NO;
				DEBUG_INFORMATION_FORMAT = dwarf;
				ENABLE_STRICT_OBJC_MSGSEND = YES;
				ENABLE_TESTABILITY = YES;
				GCC_C_LANGUAGE_STANDARD = gnu11;
				GCC_DYNAMIC_NO_PIC = NO;
				GCC_NO_COMMON_BLOCKS = YES;
				GCC_OPTIMIZATION_LEVEL = 0;
				GCC_PREPROCESSOR_DEFINITIONS = (
					"DEBUG=1",
					"$(inherited)",
				);
				GCC_WARN_64_TO_32_BIT_CONVERSION = YES;
				GCC_WARN_ABOUT_RETURN_TYPE = YES_ERROR;
				GCC_WARN_UNDECLARED_SELECTOR = YES;
				GCC_WARN_UNINITIALIZED_AUTOS = YES_AGGRESSIVE;
				GCC_WARN_UNUSED_FUNCTION = YES;
				GCC_WARN_UNUSED_VARIABLE = YES;
				IPHONEOS_DEPLOYMENT_TARGET = 13.4;
				MTL_ENABLE_DEBUG_INFO = INCLUDE_SOURCE;
				MTL_FAST_MATH = YES;
				ONLY_ACTIVE_ARCH = YES;
				SDKROOT = iphoneos;
				SWIFT_ACTIVE_COMPILATION_CONDITIONS = DEBUG;
				SWIFT_OPTIMIZATION_LEVEL = "-Onone";
			};
			name = Debug;
		};
		080C4953253EB8140088A71A /* Release */ = {
			isa = XCBuildConfiguration;
			buildSettings = {
				ALWAYS_SEARCH_USER_PATHS = NO;
				CLANG_ANALYZER_NONNULL = YES;
				CLANG_ANALYZER_NUMBER_OBJECT_CONVERSION = YES_AGGRESSIVE;
				CLANG_CXX_LANGUAGE_STANDARD = "gnu++14";
				CLANG_CXX_LIBRARY = "libc++";
				CLANG_ENABLE_MODULES = YES;
				CLANG_ENABLE_OBJC_ARC = YES;
				CLANG_ENABLE_OBJC_WEAK = YES;
				CLANG_WARN_BLOCK_CAPTURE_AUTORELEASING = YES;
				CLANG_WARN_BOOL_CONVERSION = YES;
				CLANG_WARN_COMMA = YES;
				CLANG_WARN_CONSTANT_CONVERSION = YES;
				CLANG_WARN_DEPRECATED_OBJC_IMPLEMENTATIONS = YES;
				CLANG_WARN_DIRECT_OBJC_ISA_USAGE = YES_ERROR;
				CLANG_WARN_DOCUMENTATION_COMMENTS = YES;
				CLANG_WARN_EMPTY_BODY = YES;
				CLANG_WARN_ENUM_CONVERSION = YES;
				CLANG_WARN_INFINITE_RECURSION = YES;
				CLANG_WARN_INT_CONVERSION = YES;
				CLANG_WARN_NON_LITERAL_NULL_CONVERSION = YES;
				CLANG_WARN_OBJC_IMPLICIT_RETAIN_SELF = YES;
				CLANG_WARN_OBJC_LITERAL_CONVERSION = YES;
				CLANG_WARN_OBJC_ROOT_CLASS = YES_ERROR;
				CLANG_WARN_RANGE_LOOP_ANALYSIS = YES;
				CLANG_WARN_STRICT_PROTOTYPES = YES;
				CLANG_WARN_SUSPICIOUS_MOVE = YES;
				CLANG_WARN_UNGUARDED_AVAILABILITY = YES_AGGRESSIVE;
				CLANG_WARN_UNREACHABLE_CODE = YES;
				CLANG_WARN__DUPLICATE_METHOD_MATCH = YES;
				COPY_PHASE_STRIP = NO;
				DEBUG_INFORMATION_FORMAT = "dwarf-with-dsym";
				ENABLE_NS_ASSERTIONS = NO;
				ENABLE_STRICT_OBJC_MSGSEND = YES;
				GCC_C_LANGUAGE_STANDARD = gnu11;
				GCC_NO_COMMON_BLOCKS = YES;
				GCC_WARN_64_TO_32_BIT_CONVERSION = YES;
				GCC_WARN_ABOUT_RETURN_TYPE = YES_ERROR;
				GCC_WARN_UNDECLARED_SELECTOR = YES;
				GCC_WARN_UNINITIALIZED_AUTOS = YES_AGGRESSIVE;
				GCC_WARN_UNUSED_FUNCTION = YES;
				GCC_WARN_UNUSED_VARIABLE = YES;
				IPHONEOS_DEPLOYMENT_TARGET = 13.4;
				MTL_ENABLE_DEBUG_INFO = NO;
				MTL_FAST_MATH = YES;
				SDKROOT = iphoneos;
				SWIFT_COMPILATION_MODE = wholemodule;
				SWIFT_OPTIMIZATION_LEVEL = "-O";
				VALIDATE_PRODUCT = YES;
			};
			name = Release;
		};
		080C4955253EB8140088A71A /* Debug */ = {
			isa = XCBuildConfiguration;
			baseConfigurationReference = 46A629B1FA5224C4478CAC0F /* Pods-Task.debug.xcconfig */;
			buildSettings = {
				ASSETCATALOG_COMPILER_APPICON_NAME = AppIcon;
				CODE_SIGN_STYLE = Automatic;
				DEVELOPMENT_TEAM = 5LW4W27F6C;
				INFOPLIST_FILE = Task/Info.plist;
				LD_RUNPATH_SEARCH_PATHS = (
					"$(inherited)",
					"@executable_path/Frameworks",
				);
				PRODUCT_BUNDLE_IDENTIFIER = Taxgenie.Task;
				PRODUCT_NAME = "$(TARGET_NAME)";
				SWIFT_VERSION = 5.0;
				TARGETED_DEVICE_FAMILY = "1,2";
			};
			name = Debug;
		};
		080C4956253EB8140088A71A /* Release */ = {
			isa = XCBuildConfiguration;
			baseConfigurationReference = 491B07FD2D3BF06596976B58 /* Pods-Task.release.xcconfig */;
			buildSettings = {
				ASSETCATALOG_COMPILER_APPICON_NAME = AppIcon;
				CODE_SIGN_STYLE = Automatic;
				DEVELOPMENT_TEAM = 5LW4W27F6C;
				INFOPLIST_FILE = Task/Info.plist;
				LD_RUNPATH_SEARCH_PATHS = (
					"$(inherited)",
					"@executable_path/Frameworks",
				);
				PRODUCT_BUNDLE_IDENTIFIER = Taxgenie.Task;
				PRODUCT_NAME = "$(TARGET_NAME)";
				SWIFT_VERSION = 5.0;
				TARGETED_DEVICE_FAMILY = "1,2";
			};
			name = Release;
		};
		080C4958253EB8140088A71A /* Debug */ = {
			isa = XCBuildConfiguration;
			baseConfigurationReference = 01C9CA2767D2ED4DC49275E3 /* Pods-TaskTests.debug.xcconfig */;
			buildSettings = {
				ALWAYS_EMBED_SWIFT_STANDARD_LIBRARIES = YES;
				BUNDLE_LOADER = "$(TEST_HOST)";
				CODE_SIGN_STYLE = Automatic;
				DEVELOPMENT_TEAM = 5LW4W27F6C;
				INFOPLIST_FILE = TaskTests/Info.plist;
				IPHONEOS_DEPLOYMENT_TARGET = 13.4;
				LD_RUNPATH_SEARCH_PATHS = (
					"$(inherited)",
					"@executable_path/Frameworks",
					"@loader_path/Frameworks",
				);
				PRODUCT_BUNDLE_IDENTIFIER = Taxgenie.TaskTests;
				PRODUCT_NAME = "$(TARGET_NAME)";
				SWIFT_VERSION = 5.0;
				TARGETED_DEVICE_FAMILY = "1,2";
				TEST_HOST = "$(BUILT_PRODUCTS_DIR)/Task.app/Task";
			};
			name = Debug;
		};
		080C4959253EB8140088A71A /* Release */ = {
			isa = XCBuildConfiguration;
			baseConfigurationReference = A8D24EFF695E7196B0BC3EFC /* Pods-TaskTests.release.xcconfig */;
			buildSettings = {
				ALWAYS_EMBED_SWIFT_STANDARD_LIBRARIES = YES;
				BUNDLE_LOADER = "$(TEST_HOST)";
				CODE_SIGN_STYLE = Automatic;
				DEVELOPMENT_TEAM = 5LW4W27F6C;
				INFOPLIST_FILE = TaskTests/Info.plist;
				IPHONEOS_DEPLOYMENT_TARGET = 13.4;
				LD_RUNPATH_SEARCH_PATHS = (
					"$(inherited)",
					"@executable_path/Frameworks",
					"@loader_path/Frameworks",
				);
				PRODUCT_BUNDLE_IDENTIFIER = Taxgenie.TaskTests;
				PRODUCT_NAME = "$(TARGET_NAME)";
				SWIFT_VERSION = 5.0;
				TARGETED_DEVICE_FAMILY = "1,2";
				TEST_HOST = "$(BUILT_PRODUCTS_DIR)/Task.app/Task";
			};
			name = Release;
		};
		080C495B253EB8140088A71A /* Debug */ = {
			isa = XCBuildConfiguration;
			baseConfigurationReference = 858F975026FC624A0A9787EA /* Pods-Task-TaskUITests.debug.xcconfig */;
			buildSettings = {
				ALWAYS_EMBED_SWIFT_STANDARD_LIBRARIES = YES;
				CODE_SIGN_STYLE = Automatic;
				DEVELOPMENT_TEAM = 5LW4W27F6C;
				INFOPLIST_FILE = TaskUITests/Info.plist;
				LD_RUNPATH_SEARCH_PATHS = (
					"$(inherited)",
					"@executable_path/Frameworks",
					"@loader_path/Frameworks",
				);
				PRODUCT_BUNDLE_IDENTIFIER = Taxgenie.TaskUITests;
				PRODUCT_NAME = "$(TARGET_NAME)";
				SWIFT_VERSION = 5.0;
				TARGETED_DEVICE_FAMILY = "1,2";
				TEST_TARGET_NAME = Task;
			};
			name = Debug;
		};
		080C495C253EB8140088A71A /* Release */ = {
			isa = XCBuildConfiguration;
			baseConfigurationReference = 5E393EA839370E43ED59D15C /* Pods-Task-TaskUITests.release.xcconfig */;
			buildSettings = {
				ALWAYS_EMBED_SWIFT_STANDARD_LIBRARIES = YES;
				CODE_SIGN_STYLE = Automatic;
				DEVELOPMENT_TEAM = 5LW4W27F6C;
				INFOPLIST_FILE = TaskUITests/Info.plist;
				LD_RUNPATH_SEARCH_PATHS = (
					"$(inherited)",
					"@executable_path/Frameworks",
					"@loader_path/Frameworks",
				);
				PRODUCT_BUNDLE_IDENTIFIER = Taxgenie.TaskUITests;
				PRODUCT_NAME = "$(TARGET_NAME)";
				SWIFT_VERSION = 5.0;
				TARGETED_DEVICE_FAMILY = "1,2";
				TEST_TARGET_NAME = Task;
			};
			name = Release;
		};
/* End XCBuildConfiguration section */

/* Begin XCConfigurationList section */
		080C4922253EB8110088A71A /* Build configuration list for PBXProject "Task" */ = {
			isa = XCConfigurationList;
			buildConfigurations = (
				080C4952253EB8140088A71A /* Debug */,
				080C4953253EB8140088A71A /* Release */,
			);
			defaultConfigurationIsVisible = 0;
			defaultConfigurationName = Release;
		};
		080C4954253EB8140088A71A /* Build configuration list for PBXNativeTarget "Task" */ = {
			isa = XCConfigurationList;
			buildConfigurations = (
				080C4955253EB8140088A71A /* Debug */,
				080C4956253EB8140088A71A /* Release */,
			);
			defaultConfigurationIsVisible = 0;
			defaultConfigurationName = Release;
		};
		080C4957253EB8140088A71A /* Build configuration list for PBXNativeTarget "TaskTests" */ = {
			isa = XCConfigurationList;
			buildConfigurations = (
				080C4958253EB8140088A71A /* Debug */,
				080C4959253EB8140088A71A /* Release */,
			);
			defaultConfigurationIsVisible = 0;
			defaultConfigurationName = Release;
		};
		080C495A253EB8140088A71A /* Build configuration list for PBXNativeTarget "TaskUITests" */ = {
			isa = XCConfigurationList;
			buildConfigurations = (
				080C495B253EB8140088A71A /* Debug */,
				080C495C253EB8140088A71A /* Release */,
			);
			defaultConfigurationIsVisible = 0;
			defaultConfigurationName = Release;
		};
/* End XCConfigurationList section */

/* Begin XCVersionGroup section */
		080C4933253EB8110088A71A /* Task.xcdatamodeld */ = {
			isa = XCVersionGroup;
			children = (
				080C4934253EB8110088A71A /* Task.xcdatamodel */,
			);
			currentVersion = 080C4934253EB8110088A71A /* Task.xcdatamodel */;
			path = Task.xcdatamodeld;
			sourceTree = "<group>";
			versionGroupType = wrapper.xcdatamodel;
		};
/* End XCVersionGroup section */
	};
	rootObject = 080C491F253EB8110088A71A /* Project object */;
}
